
Microsoft Visual Studio Solution File, Format Version 12.00
# Visual Studio Version 16
VisualStudioVersion = 16.0.31129.286
MinimumVisualStudioVersion = 10.0.40219.1
Project("{9A19103F-16F7-4668-BE54-9A1E7A4F7556}") = "TextExtractor", "TextExtractor\TextExtractor.csproj", "{F1065685-79AE-4D5B-957C-9A60A763971F}"
EndProject
Project("{9A19103F-16F7-4668-BE54-9A1E7A4F7556}") = "MonsterTrainUnofficialTranslation", "MonsterTrainUnofficialTranslation\MonsterTrainUnofficialTranslation.csproj", "{53C3623D-DA68-4E13-9847-BE2CCE00F14E}"
EndProject
Project("{2150E333-8FDC-42A3-9474-1A3956D46DE8}") = "Solution Items", "Solution Items", "{BEAEFD91-1DE5-4A48-A10B-6684CE5ACFED}"
	ProjectSection(SolutionItems) = preProject
		.editorconfig = .editorconfig
		README.md = README.md
	EndProjectSection
EndProject
Global
	GlobalSection(SolutionConfigurationPlatforms) = preSolution
		Debug|Any CPU = Debug|Any CPU
		Release|Any CPU = Release|Any CPU
	EndGlobalSection
	GlobalSection(ProjectConfigurationPlatforms) = postSolution
		{F1065685-79AE-4D5B-957C-9A60A763971F}.Debug|Any CPU.ActiveCfg = Debug|Any CPU
		{F1065685-79AE-4D5B-957C-9A60A763971F}.Release|Any CPU.ActiveCfg = Release|Any CPU
		{53C3623D-DA68-4E13-9847-BE2CCE00F14E}.Debug|Any CPU.ActiveCfg = Debug|Any CPU
		{53C3623D-DA68-4E13-9847-BE2CCE00F14E}.Debug|Any CPU.Build.0 = Debug|Any CPU
		{53C3623D-DA68-4E13-9847-BE2CCE00F14E}.Release|Any CPU.ActiveCfg = Release|Any CPU
		{53C3623D-DA68-4E13-9847-BE2CCE00F14E}.Release|Any CPU.Build.0 = Release|Any CPU
	EndGlobalSection
	GlobalSection(SolutionProperties) = preSolution
		HideSolutionNode = FALSE
	EndGlobalSection
	GlobalSection(ExtensibilityGlobals) = postSolution
		SolutionGuid = {669CEDDA-FC84-40F6-905C-1DAF324DC651}
	EndGlobalSection
EndGlobal
